
Microsoft Visual Studio Solution File, Format Version 12.00
# Visual Studio Version 17
VisualStudioVersion = 17.2.32519.379
MinimumVisualStudioVersion = 10.0.40219.1
Project("{FAE04EC0-301F-11D3-BF4B-00C04F79EFBC}") = "oop-kz5-pracownik", "oop-kz5-pracownik\oop-kz5-pracownik.csproj", "{7DB7EBEC-1864-42D1-B981-E5A37113689C}"
EndProject
Global
	GlobalSection(SolutionConfigurationPlatforms) = preSolution
		Debug|Any CPU = Debug|Any CPU
		Release|Any CPU = Release|Any CPU
	EndGlobalSection
	GlobalSection(ProjectConfigurationPlatforms) = postSolution
		{7DB7EBEC-1864-42D1-B981-E5A37113689C}.Debug|Any CPU.ActiveCfg = Debug|Any CPU
		{7DB7EBEC-1864-42D1-B981-E5A37113689C}.Debug|Any CPU.Build.0 = Debug|Any CPU
		{7DB7EBEC-1864-42D1-B981-E5A37113689C}.Release|Any CPU.ActiveCfg = Release|Any CPU
		{7DB7EBEC-1864-42D1-B981-E5A37113689C}.Release|Any CPU.Build.0 = Release|Any CPU
	EndGlobalSection
	GlobalSection(SolutionProperties) = preSolution
		HideSolutionNode = FALSE
	EndGlobalSection
	GlobalSection(ExtensibilityGlobals) = postSolution
		SolutionGuid = {123BFCEB-0435-45C7-A6AB-40CD7BF39E14}
	EndGlobalSection
EndGlobal
